{
  "name": "tests",
  "version": "0.0.1",
  "lockfileVersion": 1,
  "requires": true,
  "dependencies": {
    "unity-3rdparty-sqlite": {
      "version": "github:shadowmint/unity-3rdparty-sqlite#d2ff96db316fe3b5e55f51818e5b6e1e367ad68e"
    },
    "unity-3rdparty-sqlite-net": {
      "version": "github:shadowmint/unity-3rdparty-sqlite-net#557e6cd13586c4391a193b640a1657980347b645",
      "requires": {
        "unity-3rdparty-sqlite": "github:shadowmint/unity-3rdparty-sqlite#d2ff96db316fe3b5e55f51818e5b6e1e367ad68e"
      }
    },
    "unity-n-database": {
      "version": "file:..",
      "requires": {
        "unity-3rdparty-sqlite-net": "github:shadowmint/unity-3rdparty-sqlite-net#557e6cd13586c4391a193b640a1657980347b645",
        "unity-n-promises": "github:shadowmint/unity-n-promises#e856a63002f673da212bf21db9325d8042578616"
      }
    },
    "unity-n-promises": {
      "version": "github:shadowmint/unity-n-promises#e856a63002f673da212bf21db9325d8042578616"
    },
    "unity-n-tests": {
      "version": "github:shadowmint/unity-n-tests#18d9fb270db2ab6cb348c422b8d917dad367deb4"
    }
  }
}
